# THIS IS AN AUTOGENERATED FILE. DO NOT EDIT THIS FILE DIRECTLY.
# yarn lockfile v1


lodash@^4.17.21:
  version "4.17.21"
  resolved "https://registry.yarnpkg.com/lodash/-/lodash-4.17.21.tgz#679591c564c3bffaae8454cf0b3df370c3d6911c"
  integrity sha512-v2kDEe57lecTulaDIuNTPy3Ry4gLGJ6Z1O3vE1krgXZNrsQ+LFTGHVxVjcXPs17LhbZVGedAJv8XZ1tvj5FvSg==

ramda@^0.28.0:
  version "0.28.0"
  resolved "https://registry.yarnpkg.com/ramda/-/ramda-0.28.0.tgz#acd785690100337e8b063cab3470019be427cc97"
  integrity sha512-9QnLuG/kPVgWvMQ4aODhsBUFKOUmnbUnsSXACv+NCQZcHbeb+v8Lodp8OVxtRULN1/xOyYLLaL6npE6dMq5QTA==

remeda@^1.3.0:
  version "1.3.0"
  resolved "https://registry.yarnpkg.com/remeda/-/remeda-1.3.0.tgz#6dc642187e08ead2265e8c7f8517a16a69e325ce"
  integrity sha512-DJkLBUzi0dEigDuyPtVe50aNzQq8EBQOintPaxvzwSNreXOGsRnvfGiK+cTsY+nUgGCBrcFxcvH8MIg2skfIZA==
